
Microsoft Visual Studio Solution File, Format Version 12.00
# Visual Studio Version 16
VisualStudioVersion = 16.0.30413.136
MinimumVisualStudioVersion = 10.0.40219.1
Project("{FAE04EC0-301F-11D3-BF4B-00C04F79EFBC}") = "Project 4", "Project 4.csproj", "{AC792A8E-FC38-4EA4-9E56-325D2A897231}"
EndProject
Global
	GlobalSection(SolutionConfigurationPlatforms) = preSolution
		Debug|Any CPU = Debug|Any CPU
		Release|Any CPU = Release|Any CPU
	EndGlobalSection
	GlobalSection(ProjectConfigurationPlatforms) = postSolution
		{AC792A8E-FC38-4EA4-9E56-325D2A897231}.Debug|Any CPU.ActiveCfg = Debug|Any CPU
		{AC792A8E-FC38-4EA4-9E56-325D2A897231}.Debug|Any CPU.Build.0 = Debug|Any CPU
		{AC792A8E-FC38-4EA4-9E56-325D2A897231}.Release|Any CPU.ActiveCfg = Release|Any CPU
		{AC792A8E-FC38-4EA4-9E56-325D2A897231}.Release|Any CPU.Build.0 = Release|Any CPU
	EndGlobalSection
	GlobalSection(SolutionProperties) = preSolution
		HideSolutionNode = FALSE
	EndGlobalSection
	GlobalSection(ExtensibilityGlobals) = postSolution
		SolutionGuid = {C1404565-821E-4B51-BB66-097AB783DC60}
	EndGlobalSection
EndGlobal
